
Microsoft Visual Studio Solution File, Format Version 12.00
# Visual Studio 14
VisualStudioVersion = 14.0.23107.0
MinimumVisualStudioVersion = 10.0.40219.1
Project("{F184B08F-C81C-45F6-A57F-5ABD9991F28F}") = "4A01E10_FORM", "4A01E10_FORM\4A01E10_FORM.vbproj", "{1EA5E832-29B8-4B23-B344-994253FC52A6}"
EndProject
Global
	GlobalSection(SolutionConfigurationPlatforms) = preSolution
		Debug|Any CPU = Debug|Any CPU
		Release|Any CPU = Release|Any CPU
	EndGlobalSection
	GlobalSection(ProjectConfigurationPlatforms) = postSolution
		{1EA5E832-29B8-4B23-B344-994253FC52A6}.Debug|Any CPU.ActiveCfg = Debug|Any CPU
		{1EA5E832-29B8-4B23-B344-994253FC52A6}.Debug|Any CPU.Build.0 = Debug|Any CPU
		{1EA5E832-29B8-4B23-B344-994253FC52A6}.Release|Any CPU.ActiveCfg = Release|Any CPU
		{1EA5E832-29B8-4B23-B344-994253FC52A6}.Release|Any CPU.Build.0 = Release|Any CPU
	EndGlobalSection
	GlobalSection(SolutionProperties) = preSolution
		HideSolutionNode = FALSE
	EndGlobalSection
EndGlobal
