
Microsoft Visual Studio Solution File, Format Version 12.00
# Visual Studio 14
VisualStudioVersion = 14.0.24720.0
MinimumVisualStudioVersion = 10.0.40219.1
Project("{F184B08F-C81C-45F6-A57F-5ABD9991F28F}") = "Ej1_sqlServer", "Ej1_sqlServer\Ej1_sqlServer.vbproj", "{2B94461F-5CC1-4AD1-9295-AC6F82CBBC4C}"
EndProject
Global
	GlobalSection(SolutionConfigurationPlatforms) = preSolution
		Debug|Any CPU = Debug|Any CPU
		Release|Any CPU = Release|Any CPU
	EndGlobalSection
	GlobalSection(ProjectConfigurationPlatforms) = postSolution
		{2B94461F-5CC1-4AD1-9295-AC6F82CBBC4C}.Debug|Any CPU.ActiveCfg = Debug|Any CPU
		{2B94461F-5CC1-4AD1-9295-AC6F82CBBC4C}.Debug|Any CPU.Build.0 = Debug|Any CPU
		{2B94461F-5CC1-4AD1-9295-AC6F82CBBC4C}.Release|Any CPU.ActiveCfg = Release|Any CPU
		{2B94461F-5CC1-4AD1-9295-AC6F82CBBC4C}.Release|Any CPU.Build.0 = Release|Any CPU
	EndGlobalSection
	GlobalSection(SolutionProperties) = preSolution
		HideSolutionNode = FALSE
	EndGlobalSection
EndGlobal
